
Microsoft Visual Studio Solution File, Format Version 12.00
# Visual Studio Version 17
VisualStudioVersion = 17.0.31903.59
MinimumVisualStudioVersion = 10.0.40219.1
Project("{FAE04EC0-301F-11D3-BF4B-00C04F79EFBC}") = "Atividade1.RazorPages", "Atividade1.RazorPages\Atividade1.RazorPages.csproj", "{1A6381C4-9543-41F3-B3AC-5B3F82C682FF}"
EndProject
Global
	GlobalSection(SolutionConfigurationPlatforms) = preSolution
		Debug|Any CPU = Debug|Any CPU
		Release|Any CPU = Release|Any CPU
	EndGlobalSection
	GlobalSection(SolutionProperties) = preSolution
		HideSolutionNode = FALSE
	EndGlobalSection
	GlobalSection(ProjectConfigurationPlatforms) = postSolution
		{1A6381C4-9543-41F3-B3AC-5B3F82C682FF}.Debug|Any CPU.ActiveCfg = Debug|Any CPU
		{1A6381C4-9543-41F3-B3AC-5B3F82C682FF}.Debug|Any CPU.Build.0 = Debug|Any CPU
		{1A6381C4-9543-41F3-B3AC-5B3F82C682FF}.Release|Any CPU.ActiveCfg = Release|Any CPU
		{1A6381C4-9543-41F3-B3AC-5B3F82C682FF}.Release|Any CPU.Build.0 = Release|Any CPU
	EndGlobalSection
EndGlobal
